Microsoft Visual Studio Solution File, Format Version 12.00
# Visual Studio Version 17
VisualStudioVersion = 17.5.2.0
MinimumVisualStudioVersion = 10.0.40219.1
Project("{FAE04EC0-301F-11D3-BF4B-00C04F79EFBC}") = "PasswordCheckerWeb", "PasswordCheckerWeb.csproj", "{F006CC03-1650-C5E5-3367-FA583B13D4B3}"
EndProject
Global
	GlobalSection(SolutionConfigurationPlatforms) = preSolution
		Debug|Any CPU = Debug|Any CPU
		Release|Any CPU = Release|Any CPU
	EndGlobalSection
	GlobalSection(ProjectConfigurationPlatforms) = postSolution
		{F006CC03-1650-C5E5-3367-FA583B13D4B3}.Debug|Any CPU.ActiveCfg = Debug|Any CPU
		{F006CC03-1650-C5E5-3367-FA583B13D4B3}.Debug|Any CPU.Build.0 = Debug|Any CPU
		{F006CC03-1650-C5E5-3367-FA583B13D4B3}.Release|Any CPU.ActiveCfg = Release|Any CPU
		{F006CC03-1650-C5E5-3367-FA583B13D4B3}.Release|Any CPU.Build.0 = Release|Any CPU
	EndGlobalSection
	GlobalSection(SolutionProperties) = preSolution
		HideSolutionNode = FALSE
	EndGlobalSection
	GlobalSection(ExtensibilityGlobals) = postSolution
		SolutionGuid = {FE2DD4D9-FC14-4A3F-A4EE-3144AEA54817}
	EndGlobalSection
EndGlobal
